
Microsoft Visual Studio Solution File, Format Version 12.00
# Visual Studio Version 17
VisualStudioVersion = 17.4.33403.182
MinimumVisualStudioVersion = 10.0.40219.1
Project("{9A19103F-16F7-4668-BE54-9A1E7A4F7556}") = "NorthwindAPI", "NorthwindAPI\NorthwindAPI.csproj", "{92C03835-5063-4F59-A10D-6EF1EF8C72C6}"
EndProject
Project("{FAE04EC0-301F-11D3-BF4B-00C04F79EFBC}") = "NorthwindAPI.Tests", "NorthwindAPI.Tests\NorthwindAPI.Tests.csproj", "{2A4EF12F-78BA-420C-B091-7398612E4206}"
EndProject
Global
	GlobalSection(SolutionConfigurationPlatforms) = preSolution
		Debug|Any CPU = Debug|Any CPU
		Release|Any CPU = Release|Any CPU
	EndGlobalSection
	GlobalSection(ProjectConfigurationPlatforms) = postSolution
		{92C03835-5063-4F59-A10D-6EF1EF8C72C6}.Debug|Any CPU.ActiveCfg = Debug|Any CPU
		{92C03835-5063-4F59-A10D-6EF1EF8C72C6}.Debug|Any CPU.Build.0 = Debug|Any CPU
		{92C03835-5063-4F59-A10D-6EF1EF8C72C6}.Release|Any CPU.ActiveCfg = Release|Any CPU
		{92C03835-5063-4F59-A10D-6EF1EF8C72C6}.Release|Any CPU.Build.0 = Release|Any CPU
		{2A4EF12F-78BA-420C-B091-7398612E4206}.Debug|Any CPU.ActiveCfg = Debug|Any CPU
		{2A4EF12F-78BA-420C-B091-7398612E4206}.Debug|Any CPU.Build.0 = Debug|Any CPU
		{2A4EF12F-78BA-420C-B091-7398612E4206}.Release|Any CPU.ActiveCfg = Release|Any CPU
		{2A4EF12F-78BA-420C-B091-7398612E4206}.Release|Any CPU.Build.0 = Release|Any CPU
	EndGlobalSection
	GlobalSection(SolutionProperties) = preSolution
		HideSolutionNode = FALSE
	EndGlobalSection
	GlobalSection(ExtensibilityGlobals) = postSolution
		SolutionGuid = {D8209749-EDB9-4DE7-949E-AC75733B2188}
	EndGlobalSection
EndGlobal
