
Microsoft Visual Studio Solution File, Format Version 12.00
# Visual Studio Version 17
VisualStudioVersion = 17.4.33403.182
MinimumVisualStudioVersion = 10.0.40219.1
Project("{FAE04EC0-301F-11D3-BF4B-00C04F79EFBC}") = "QuerySyntax.App", "QuerySyntax.App\QuerySyntax.App.csproj", "{FAAC6ABE-19EF-42D8-AB77-C00D5733331D}"
EndProject
Global
	GlobalSection(SolutionConfigurationPlatforms) = preSolution
		Debug|Any CPU = Debug|Any CPU
		Release|Any CPU = Release|Any CPU
	EndGlobalSection
	GlobalSection(ProjectConfigurationPlatforms) = postSolution
		{FAAC6ABE-19EF-42D8-AB77-C00D5733331D}.Debug|Any CPU.ActiveCfg = Debug|Any CPU
		{FAAC6ABE-19EF-42D8-AB77-C00D5733331D}.Debug|Any CPU.Build.0 = Debug|Any CPU
		{FAAC6ABE-19EF-42D8-AB77-C00D5733331D}.Release|Any CPU.ActiveCfg = Release|Any CPU
		{FAAC6ABE-19EF-42D8-AB77-C00D5733331D}.Release|Any CPU.Build.0 = Release|Any CPU
	EndGlobalSection
	GlobalSection(SolutionProperties) = preSolution
		HideSolutionNode = FALSE
	EndGlobalSection
	GlobalSection(ExtensibilityGlobals) = postSolution
		SolutionGuid = {A68974C2-BE85-4C1A-93F6-408CA0E80D74}
	EndGlobalSection
EndGlobal
