
Microsoft Visual Studio Solution File, Format Version 12.00
# Visual Studio Version 17
VisualStudioVersion = 17.4.33403.182
MinimumVisualStudioVersion = 10.0.40219.1
Project("{FAE04EC0-301F-11D3-BF4B-00C04F79EFBC}") = "SQLWithCSharp.App", "SQLWithCSharp.App\SQLWithCSharp.App.csproj", "{06D9A6FD-36B5-4B2D-B71F-D5F1337A49C5}"
EndProject
Global
	GlobalSection(SolutionConfigurationPlatforms) = preSolution
		Debug|Any CPU = Debug|Any CPU
		Release|Any CPU = Release|Any CPU
	EndGlobalSection
	GlobalSection(ProjectConfigurationPlatforms) = postSolution
		{06D9A6FD-36B5-4B2D-B71F-D5F1337A49C5}.Debug|Any CPU.ActiveCfg = Debug|Any CPU
		{06D9A6FD-36B5-4B2D-B71F-D5F1337A49C5}.Debug|Any CPU.Build.0 = Debug|Any CPU
		{06D9A6FD-36B5-4B2D-B71F-D5F1337A49C5}.Release|Any CPU.ActiveCfg = Release|Any CPU
		{06D9A6FD-36B5-4B2D-B71F-D5F1337A49C5}.Release|Any CPU.Build.0 = Release|Any CPU
	EndGlobalSection
	GlobalSection(SolutionProperties) = preSolution
		HideSolutionNode = FALSE
	EndGlobalSection
	GlobalSection(ExtensibilityGlobals) = postSolution
		SolutionGuid = {D1A08CB2-358E-4D91-AE97-97C18E02B34F}
	EndGlobalSection
EndGlobal
