
Microsoft Visual Studio Solution File, Format Version 12.00
# Visual Studio Version 17
VisualStudioVersion = 17.4.33403.182
MinimumVisualStudioVersion = 10.0.40219.1
Project("{FAE04EC0-301F-11D3-BF4B-00C04F79EFBC}") = "MoneyTask", "MoneyTask\MoneyTask.csproj", "{2C0FCDDF-FB51-45E4-B83A-3B9B65CCD39B}"
EndProject
Project("{FAE04EC0-301F-11D3-BF4B-00C04F79EFBC}") = "MoneyTaskTest", "MoneyTaskTest\MoneyTaskTest.csproj", "{346EAB4B-644F-4674-ADAC-E2271E59C41D}"
EndProject
Global
	GlobalSection(SolutionConfigurationPlatforms) = preSolution
		Debug|Any CPU = Debug|Any CPU
		Release|Any CPU = Release|Any CPU
	EndGlobalSection
	GlobalSection(ProjectConfigurationPlatforms) = postSolution
		{2C0FCDDF-FB51-45E4-B83A-3B9B65CCD39B}.Debug|Any CPU.ActiveCfg = Debug|Any CPU
		{2C0FCDDF-FB51-45E4-B83A-3B9B65CCD39B}.Debug|Any CPU.Build.0 = Debug|Any CPU
		{2C0FCDDF-FB51-45E4-B83A-3B9B65CCD39B}.Release|Any CPU.ActiveCfg = Release|Any CPU
		{2C0FCDDF-FB51-45E4-B83A-3B9B65CCD39B}.Release|Any CPU.Build.0 = Release|Any CPU
		{346EAB4B-644F-4674-ADAC-E2271E59C41D}.Debug|Any CPU.ActiveCfg = Debug|Any CPU
		{346EAB4B-644F-4674-ADAC-E2271E59C41D}.Debug|Any CPU.Build.0 = Debug|Any CPU
		{346EAB4B-644F-4674-ADAC-E2271E59C41D}.Release|Any CPU.ActiveCfg = Release|Any CPU
		{346EAB4B-644F-4674-ADAC-E2271E59C41D}.Release|Any CPU.Build.0 = Release|Any CPU
	EndGlobalSection
	GlobalSection(SolutionProperties) = preSolution
		HideSolutionNode = FALSE
	EndGlobalSection
	GlobalSection(ExtensibilityGlobals) = postSolution
		SolutionGuid = {48AA9BAD-052C-478D-B04F-AEEE44E19530}
	EndGlobalSection
EndGlobal
