
Microsoft Visual Studio Solution File, Format Version 12.00
# Visual Studio Version 17
VisualStudioVersion = 17.4.33403.182
MinimumVisualStudioVersion = 10.0.40219.1
Project("{FAE04EC0-301F-11D3-BF4B-00C04F79EFBC}") = "Serilisation", "Serilisation\Serilisation.csproj", "{2BE681FB-A1AB-45F4-9194-54B3A0E54404}"
EndProject
Global
	GlobalSection(SolutionConfigurationPlatforms) = preSolution
		Debug|Any CPU = Debug|Any CPU
		Release|Any CPU = Release|Any CPU
	EndGlobalSection
	GlobalSection(ProjectConfigurationPlatforms) = postSolution
		{2BE681FB-A1AB-45F4-9194-54B3A0E54404}.Debug|Any CPU.ActiveCfg = Debug|Any CPU
		{2BE681FB-A1AB-45F4-9194-54B3A0E54404}.Debug|Any CPU.Build.0 = Debug|Any CPU
		{2BE681FB-A1AB-45F4-9194-54B3A0E54404}.Release|Any CPU.ActiveCfg = Release|Any CPU
		{2BE681FB-A1AB-45F4-9194-54B3A0E54404}.Release|Any CPU.Build.0 = Release|Any CPU
	EndGlobalSection
	GlobalSection(SolutionProperties) = preSolution
		HideSolutionNode = FALSE
	EndGlobalSection
	GlobalSection(ExtensibilityGlobals) = postSolution
		SolutionGuid = {D66D9892-44CB-4A30-8B19-84B94B3AADF8}
	EndGlobalSection
EndGlobal
