
Microsoft Visual Studio Solution File, Format Version 12.00
# Visual Studio Version 17
VisualStudioVersion = 17.4.33403.182
MinimumVisualStudioVersion = 10.0.40219.1
Project("{FAE04EC0-301F-11D3-BF4B-00C04F79EFBC}") = "Academy Trainees (DB First).App", "Academy Trainees (DB First).App\Academy Trainees (DB First).App.csproj", "{862E0AC0-CB64-4134-818C-CF9FD791C9FC}"
EndProject
Global
	GlobalSection(SolutionConfigurationPlatforms) = preSolution
		Debug|Any CPU = Debug|Any CPU
		Release|Any CPU = Release|Any CPU
	EndGlobalSection
	GlobalSection(ProjectConfigurationPlatforms) = postSolution
		{862E0AC0-CB64-4134-818C-CF9FD791C9FC}.Debug|Any CPU.ActiveCfg = Debug|Any CPU
		{862E0AC0-CB64-4134-818C-CF9FD791C9FC}.Debug|Any CPU.Build.0 = Debug|Any CPU
		{862E0AC0-CB64-4134-818C-CF9FD791C9FC}.Release|Any CPU.ActiveCfg = Release|Any CPU
		{862E0AC0-CB64-4134-818C-CF9FD791C9FC}.Release|Any CPU.Build.0 = Release|Any CPU
	EndGlobalSection
	GlobalSection(SolutionProperties) = preSolution
		HideSolutionNode = FALSE
	EndGlobalSection
	GlobalSection(ExtensibilityGlobals) = postSolution
		SolutionGuid = {6B996020-7776-4EFE-A278-82B244F57690}
	EndGlobalSection
EndGlobal
