
Microsoft Visual Studio Solution File, Format Version 12.00
# Visual Studio Version 17
VisualStudioVersion = 17.4.33403.182
MinimumVisualStudioVersion = 10.0.40219.1
Project("{FAE04EC0-301F-11D3-BF4B-00C04F79EFBC}") = "OOPFundamentals", "OOPFundamentals\OOPFundamentals.csproj", "{F8A8F265-CCCD-4A58-ACC8-391AA3E23E58}"
EndProject
Global
	GlobalSection(SolutionConfigurationPlatforms) = preSolution
		Debug|Any CPU = Debug|Any CPU
		Release|Any CPU = Release|Any CPU
	EndGlobalSection
	GlobalSection(ProjectConfigurationPlatforms) = postSolution
		{F8A8F265-CCCD-4A58-ACC8-391AA3E23E58}.Debug|Any CPU.ActiveCfg = Debug|Any CPU
		{F8A8F265-CCCD-4A58-ACC8-391AA3E23E58}.Debug|Any CPU.Build.0 = Debug|Any CPU
		{F8A8F265-CCCD-4A58-ACC8-391AA3E23E58}.Release|Any CPU.ActiveCfg = Release|Any CPU
		{F8A8F265-CCCD-4A58-ACC8-391AA3E23E58}.Release|Any CPU.Build.0 = Release|Any CPU
	EndGlobalSection
	GlobalSection(SolutionProperties) = preSolution
		HideSolutionNode = FALSE
	EndGlobalSection
	GlobalSection(ExtensibilityGlobals) = postSolution
		SolutionGuid = {EB1777C4-337A-4DEF-B3A6-9E825BF404DF}
	EndGlobalSection
EndGlobal
