
Microsoft Visual Studio Solution File, Format Version 12.00
# Visual Studio Version 17
VisualStudioVersion = 17.4.33403.182
MinimumVisualStudioVersion = 10.0.40219.1
Project("{FAE04EC0-301F-11D3-BF4B-00C04F79EFBC}") = "NorthwindData.App", "NorthwindData.App\NorthwindData.App.csproj", "{1974D3F2-0DEE-480D-A8DC-1C67BDC965BD}"
EndProject
Global
	GlobalSection(SolutionConfigurationPlatforms) = preSolution
		Debug|Any CPU = Debug|Any CPU
		Release|Any CPU = Release|Any CPU
	EndGlobalSection
	GlobalSection(ProjectConfigurationPlatforms) = postSolution
		{1974D3F2-0DEE-480D-A8DC-1C67BDC965BD}.Debug|Any CPU.ActiveCfg = Debug|Any CPU
		{1974D3F2-0DEE-480D-A8DC-1C67BDC965BD}.Debug|Any CPU.Build.0 = Debug|Any CPU
		{1974D3F2-0DEE-480D-A8DC-1C67BDC965BD}.Release|Any CPU.ActiveCfg = Release|Any CPU
		{1974D3F2-0DEE-480D-A8DC-1C67BDC965BD}.Release|Any CPU.Build.0 = Release|Any CPU
	EndGlobalSection
	GlobalSection(SolutionProperties) = preSolution
		HideSolutionNode = FALSE
	EndGlobalSection
	GlobalSection(ExtensibilityGlobals) = postSolution
		SolutionGuid = {12B428FA-E81F-442E-9569-5B813D8FE864}
	EndGlobalSection
EndGlobal
