
Microsoft Visual Studio Solution File, Format Version 12.00
# Visual Studio Version 17
VisualStudioVersion = 17.4.33403.182
MinimumVisualStudioVersion = 10.0.40219.1
Project("{FAE04EC0-301F-11D3-BF4B-00C04F79EFBC}") = "UnitTestApp", "UnitTestApp\UnitTestApp.csproj", "{EAD6E2C6-75AA-4167-B1F4-9A7298F34055}"
EndProject
Global
	GlobalSection(SolutionConfigurationPlatforms) = preSolution
		Debug|Any CPU = Debug|Any CPU
		Release|Any CPU = Release|Any CPU
	EndGlobalSection
	GlobalSection(ProjectConfigurationPlatforms) = postSolution
		{EAD6E2C6-75AA-4167-B1F4-9A7298F34055}.Debug|Any CPU.ActiveCfg = Debug|Any CPU
		{EAD6E2C6-75AA-4167-B1F4-9A7298F34055}.Debug|Any CPU.Build.0 = Debug|Any CPU
		{EAD6E2C6-75AA-4167-B1F4-9A7298F34055}.Release|Any CPU.ActiveCfg = Release|Any CPU
		{EAD6E2C6-75AA-4167-B1F4-9A7298F34055}.Release|Any CPU.Build.0 = Release|Any CPU
	EndGlobalSection
	GlobalSection(SolutionProperties) = preSolution
		HideSolutionNode = FALSE
	EndGlobalSection
	GlobalSection(ExtensibilityGlobals) = postSolution
		SolutionGuid = {57A9A8D9-645A-4A96-9638-E0A989CD671A}
	EndGlobalSection
EndGlobal
