
Microsoft Visual Studio Solution File, Format Version 12.00
# Visual Studio Version 17
VisualStudioVersion = 17.5.33414.496
MinimumVisualStudioVersion = 10.0.40219.1
Project("{FAE04EC0-301F-11D3-BF4B-00C04F79EFBC}") = "RomanNumerals", "RomanNumerals\RomanNumerals.csproj", "{34627936-354B-437A-96A3-D70E9C60174C}"
EndProject
Project("{FAE04EC0-301F-11D3-BF4B-00C04F79EFBC}") = "Test_RomanNumeral", "Test_RomanNumeral\Test_RomanNumeral.csproj", "{741AADDE-DD1A-4A45-B792-BD99F83C4A18}"
EndProject
Global
	GlobalSection(SolutionConfigurationPlatforms) = preSolution
		Debug|Any CPU = Debug|Any CPU
		Release|Any CPU = Release|Any CPU
	EndGlobalSection
	GlobalSection(ProjectConfigurationPlatforms) = postSolution
		{34627936-354B-437A-96A3-D70E9C60174C}.Debug|Any CPU.ActiveCfg = Debug|Any CPU
		{34627936-354B-437A-96A3-D70E9C60174C}.Debug|Any CPU.Build.0 = Debug|Any CPU
		{34627936-354B-437A-96A3-D70E9C60174C}.Release|Any CPU.ActiveCfg = Release|Any CPU
		{34627936-354B-437A-96A3-D70E9C60174C}.Release|Any CPU.Build.0 = Release|Any CPU
		{741AADDE-DD1A-4A45-B792-BD99F83C4A18}.Debug|Any CPU.ActiveCfg = Debug|Any CPU
		{741AADDE-DD1A-4A45-B792-BD99F83C4A18}.Debug|Any CPU.Build.0 = Debug|Any CPU
		{741AADDE-DD1A-4A45-B792-BD99F83C4A18}.Release|Any CPU.ActiveCfg = Release|Any CPU
		{741AADDE-DD1A-4A45-B792-BD99F83C4A18}.Release|Any CPU.Build.0 = Release|Any CPU
	EndGlobalSection
	GlobalSection(SolutionProperties) = preSolution
		HideSolutionNode = FALSE
	EndGlobalSection
	GlobalSection(ExtensibilityGlobals) = postSolution
		SolutionGuid = {35DB4DD8-01C0-457D-9452-43325CA34E29}
	EndGlobalSection
EndGlobal
