
Microsoft Visual Studio Solution File, Format Version 12.00
# Visual Studio Version 17
VisualStudioVersion = 17.4.33403.182
MinimumVisualStudioVersion = 10.0.40219.1
Project("{FAE04EC0-301F-11D3-BF4B-00C04F79EFBC}") = "MethodSyntax.App", "MethodSyntax.App\MethodSyntax.App.csproj", "{1BA5EEC3-9576-4186-88E6-8A3B2D4622ED}"
EndProject
Global
	GlobalSection(SolutionConfigurationPlatforms) = preSolution
		Debug|Any CPU = Debug|Any CPU
		Release|Any CPU = Release|Any CPU
	EndGlobalSection
	GlobalSection(ProjectConfigurationPlatforms) = postSolution
		{1BA5EEC3-9576-4186-88E6-8A3B2D4622ED}.Debug|Any CPU.ActiveCfg = Debug|Any CPU
		{1BA5EEC3-9576-4186-88E6-8A3B2D4622ED}.Debug|Any CPU.Build.0 = Debug|Any CPU
		{1BA5EEC3-9576-4186-88E6-8A3B2D4622ED}.Release|Any CPU.ActiveCfg = Release|Any CPU
		{1BA5EEC3-9576-4186-88E6-8A3B2D4622ED}.Release|Any CPU.Build.0 = Release|Any CPU
	EndGlobalSection
	GlobalSection(SolutionProperties) = preSolution
		HideSolutionNode = FALSE
	EndGlobalSection
	GlobalSection(ExtensibilityGlobals) = postSolution
		SolutionGuid = {E1C37007-178F-4D62-80F0-2F02A38F7FAB}
	EndGlobalSection
EndGlobal
